// !$*UTF8*$!
{
	archiveVersion = 1;
	classes = {
	};
	objectVersion = 46;
	objects = {

/* Begin PBXBuildFile section */
		F71F8DCA1F2DCB39000B5878 /* SBScanTableController.m in Sources */ = {isa = PBXBuildFile; fileRef = F71F8DC91F2DCB39000B5878 /* SBScanTableController.m */; };
		F71F8DCD1F2DD126000B5878 /* SBTableInfoItem.m in Sources */ = {isa = PBXBuildFile; fileRef = F71F8DCC1F2DD126000B5878 /* SBTableInfoItem.m */; };
		F71F8DD51F2DDF66000B5878 /* SBScanDataController.m in Sources */ = {isa = PBXBuildFile; fileRef = F71F8DD41F2DDF66000B5878 /* SBScanDataController.m */; };
		F72EC6411F2F2DC200B41D23 /* SBScanDataHeaderView.m in Sources */ = {isa = PBXBuildFile; fileRef = F72EC6401F2F2DC200B41D23 /* SBScanDataHeaderView.m */; };
		F72EC6441F2F7B9A00B41D23 /* SBScanDataCell.m in Sources */ = {isa = PBXBuildFile; fileRef = F72EC6431F2F7B9A00B41D23 /* SBScanDataCell.m */; };
		F78733C91F23455900A3D802 /* SBSqliteManager.m in Sources */ = {isa = PBXBuildFile; fileRef = F78733C81F23455900A3D802 /* SBSqliteManager.m */; };
		F7CC7CAB1F25CFDB005E822F /* SBScanDBController.m in Sources */ = {isa = PBXBuildFile; fileRef = F7CC7CAA1F25CFDB005E822F /* SBScanDBController.m */; };
		F7CC7CAE1F25D375005E822F /* libsqlite3.tbd in Frameworks */ = {isa = PBXBuildFile; fileRef = F7CC7CAD1F25D375005E822F /* libsqlite3.tbd */; };
		F7CC7CB11F25D6ED005E822F /* SBTableItem.m in Sources */ = {isa = PBXBuildFile; fileRef = F7CC7CB01F25D6ED005E822F /* SBTableItem.m */; };
		F7CC7CB41F25D7C6005E822F /* SBClient.m in Sources */ = {isa = PBXBuildFile; fileRef = F7CC7CB31F25D7C6005E822F /* SBClient.m */; };
		F7E56F871F2305FA005D439F /* main.m in Sources */ = {isa = PBXBuildFile; fileRef = F7E56F861F2305FA005D439F /* main.m */; };
		F7E56F901F2305FA005D439F /* Main.storyboard in Resources */ = {isa = PBXBuildFile; fileRef = F7E56F8E1F2305FA005D439F /* Main.storyboard */; };
		F7E56F921F2305FA005D439F /* Assets.xcassets in Resources */ = {isa = PBXBuildFile; fileRef = F7E56F911F2305FA005D439F /* Assets.xcassets */; };
		F7E56F951F2305FA005D439F /* LaunchScreen.storyboard in Resources */ = {isa = PBXBuildFile; fileRef = F7E56F931F2305FA005D439F /* LaunchScreen.storyboard */; };
		F7E56FA21F23068D005D439F /* AppDelegate.m in Sources */ = {isa = PBXBuildFile; fileRef = F7E56F9F1F23068D005D439F /* AppDelegate.m */; };
		F7E56FA31F23068D005D439F /* ViewController.m in Sources */ = {isa = PBXBuildFile; fileRef = F7E56FA11F23068D005D439F /* ViewController.m */; };
		F7E56FA91F2307F5005D439F /* SBWatcherManager.m in Sources */ = {isa = PBXBuildFile; fileRef = F7E56FA81F2307F5005D439F /* SBWatcherManager.m */; };
		F7E56FAC1F2308A1005D439F /* SBStartView.m in Sources */ = {isa = PBXBuildFile; fileRef = F7E56FAB1F2308A0005D439F /* SBStartView.m */; };
		F7E56FAF1F231888005D439F /* resource.bundle in Resources */ = {isa = PBXBuildFile; fileRef = F7E56FAE1F231888005D439F /* resource.bundle */; };
		F7E56FB21F231CED005D439F /* SBMenuController.m in Sources */ = {isa = PBXBuildFile; fileRef = F7E56FB11F231CED005D439F /* SBMenuController.m */; };
		F7E56FB51F231DBA005D439F /* SBNavigationController.m in Sources */ = {isa = PBXBuildFile; fileRef = F7E56FB41F231DBA005D439F /* SBNavigationController.m */; };
		F7E56FB81F2321F6005D439F /* SBFileItem.m in Sources */ = {isa = PBXBuildFile; fileRef = F7E56FB71F2321F6005D439F /* SBFileItem.m */; };
/* End PBXBuildFile section */

/* Begin PBXFileReference section */
		F71F8DC81F2DCB39000B5878 /* SBScanTableController.h */ = {isa = PBXFileReference; fileEncoding = 4; lastKnownFileType = sourcecode.c.h; path = SBScanTableController.h; sourceTree = "<group>"; };
		F71F8DC91F2DCB39000B5878 /* SBScanTableController.m */ = {isa = PBXFileReference; fileEncoding = 4; lastKnownFileType = sourcecode.c.objc; path = SBScanTableController.m; sourceTree = "<group>"; };
		F71F8DCB1F2DD126000B5878 /* SBTableInfoItem.h */ = {isa = PBXFileReference; fileEncoding = 4; lastKnownFileType = sourcecode.c.h; path = SBTableInfoItem.h; sourceTree = "<group>"; };
		F71F8DCC1F2DD126000B5878 /* SBTableInfoItem.m */ = {isa = PBXFileReference; fileEncoding = 4; lastKnownFileType = sourcecode.c.objc; path = SBTableInfoItem.m; sourceTree = "<group>"; };
		F71F8DD31F2DDF66000B5878 /* SBScanDataController.h */ = {isa = PBXFileReference; fileEncoding = 4; lastKnownFileType = sourcecode.c.h; path = SBScanDataController.h; sourceTree = "<group>"; };
		F71F8DD41F2DDF66000B5878 /* SBScanDataController.m */ = {isa = PBXFileReference; fileEncoding = 4; lastKnownFileType = sourcecode.c.objc; path = SBScanDataController.m; sourceTree = "<group>"; };
		F72EC63F1F2F2DC200B41D23 /* SBScanDataHeaderView.h */ = {isa = PBXFileReference; fileEncoding = 4; lastKnownFileType = sourcecode.c.h; path = SBScanDataHeaderView.h; sourceTree = "<group>"; };
		F72EC6401F2F2DC200B41D23 /* SBScanDataHeaderView.m */ = {isa = PBXFileReference; fileEncoding = 4; lastKnownFileType = sourcecode.c.objc; path = SBScanDataHeaderView.m; sourceTree = "<group>"; };
		F72EC6421F2F7B9A00B41D23 /* SBScanDataCell.h */ = {isa = PBXFileReference; fileEncoding = 4; lastKnownFileType = sourcecode.c.h; path = SBScanDataCell.h; sourceTree = "<group>"; };
		F72EC6431F2F7B9A00B41D23 /* SBScanDataCell.m */ = {isa = PBXFileReference; fileEncoding = 4; lastKnownFileType = sourcecode.c.objc; path = SBScanDataCell.m; sourceTree = "<group>"; };
		F78733C71F23455900A3D802 /* SBSqliteManager.h */ = {isa = PBXFileReference; fileEncoding = 4; lastKnownFileType = sourcecode.c.h; path = SBSqliteManager.h; sourceTree = "<group>"; };
		F78733C81F23455900A3D802 /* SBSqliteManager.m */ = {isa = PBXFileReference; fileEncoding = 4; lastKnownFileType = sourcecode.c.objc; path = SBSqliteManager.m; sourceTree = "<group>"; };
		F7CC7CA91F25CFDB005E822F /* SBScanDBController.h */ = {isa = PBXFileReference; fileEncoding = 4; lastKnownFileType = sourcecode.c.h; path = SBScanDBController.h; sourceTree = "<group>"; };
		F7CC7CAA1F25CFDB005E822F /* SBScanDBController.m */ = {isa = PBXFileReference; fileEncoding = 4; lastKnownFileType = sourcecode.c.objc; path = SBScanDBController.m; sourceTree = "<group>"; };
		F7CC7CAD1F25D375005E822F /* libsqlite3.tbd */ = {isa = PBXFileReference; lastKnownFileType = "sourcecode.text-based-dylib-definition"; name = libsqlite3.tbd; path = usr/lib/libsqlite3.tbd; sourceTree = SDKROOT; };
		F7CC7CAF1F25D6ED005E822F /* SBTableItem.h */ = {isa = PBXFileReference; fileEncoding = 4; lastKnownFileType = sourcecode.c.h; path = SBTableItem.h; sourceTree = "<group>"; };
		F7CC7CB01F25D6ED005E822F /* SBTableItem.m */ = {isa = PBXFileReference; fileEncoding = 4; lastKnownFileType = sourcecode.c.objc; path = SBTableItem.m; sourceTree = "<group>"; };
		F7CC7CB21F25D7C6005E822F /* SBClient.h */ = {isa = PBXFileReference; fileEncoding = 4; lastKnownFileType = sourcecode.c.h; path = SBClient.h; sourceTree = "<group>"; };
		F7CC7CB31F25D7C6005E822F /* SBClient.m */ = {isa = PBXFileReference; fileEncoding = 4; lastKnownFileType = sourcecode.c.objc; path = SBClient.m; sourceTree = "<group>"; };
		F7E56F821F2305FA005D439F /* SBWatcher.app */ = {isa = PBXFileReference; explicitFileType = wrapper.application; includeInIndex = 0; path = SBWatcher.app; sourceTree = BUILT_PRODUCTS_DIR; };
		F7E56F861F2305FA005D439F /* main.m */ = {isa = PBXFileReference; lastKnownFileType = sourcecode.c.objc; path = main.m; sourceTree = "<group>"; };
		F7E56F8F1F2305FA005D439F /* Base */ = {isa = PBXFileReference; lastKnownFileType = file.storyboard; name = Base; path = Base.lproj/Main.storyboard; sourceTree = "<group>"; };
		F7E56F911F2305FA005D439F /* Assets.xcassets */ = {isa = PBXFileReference; lastKnownFileType = folder.assetcatalog; path = Assets.xcassets; sourceTree = "<group>"; };
		F7E56F941F2305FA005D439F /* Base */ = {isa = PBXFileReference; lastKnownFileType = file.storyboard; name = Base; path = Base.lproj/LaunchScreen.storyboard; sourceTree = "<group>"; };
		F7E56F961F2305FA005D439F /* Info.plist */ = {isa = PBXFileReference; lastKnownFileType = text.plist.xml; path = Info.plist; sourceTree = "<group>"; };
		F7E56F9E1F23068D005D439F /* AppDelegate.h */ = {isa = PBXFileReference; fileEncoding = 4; lastKnownFileType = sourcecode.c.h; path = AppDelegate.h; sourceTree = "<group>"; };
		F7E56F9F1F23068D005D439F /* AppDelegate.m */ = {isa = PBXFileReference; fileEncoding = 4; lastKnownFileType = sourcecode.c.objc; path = AppDelegate.m; sourceTree = "<group>"; };
		F7E56FA01F23068D005D439F /* ViewController.h */ = {isa = PBXFileReference; fileEncoding = 4; lastKnownFileType = sourcecode.c.h; path = ViewController.h; sourceTree = "<group>"; };
		F7E56FA11F23068D005D439F /* ViewController.m */ = {isa = PBXFileReference; fileEncoding = 4; lastKnownFileType = sourcecode.c.objc; path = ViewController.m; sourceTree = "<group>"; };
		F7E56FA71F2307F5005D439F /* SBWatcherManager.h */ = {isa = PBXFileReference; fileEncoding = 4; lastKnownFileType = sourcecode.c.h; path = SBWatcherManager.h; sourceTree = "<group>"; };
		F7E56FA81F2307F5005D439F /* SBWatcherManager.m */ = {isa = PBXFileReference; fileEncoding = 4; lastKnownFileType = sourcecode.c.objc; path = SBWatcherManager.m; sourceTree = "<group>"; };
		F7E56FAA1F2308A0005D439F /* SBStartView.h */ = {isa = PBXFileReference; fileEncoding = 4; lastKnownFileType = sourcecode.c.h; path = SBStartView.h; sourceTree = "<group>"; };
		F7E56FAB1F2308A0005D439F /* SBStartView.m */ = {isa = PBXFileReference; fileEncoding = 4; lastKnownFileType = sourcecode.c.objc; path = SBStartView.m; sourceTree = "<group>"; };
		F7E56FAD1F2309BE005D439F /* SBWatcherHeader.h */ = {isa = PBXFileReference; lastKnownFileType = sourcecode.c.h; path = SBWatcherHeader.h; sourceTree = "<group>"; };
		F7E56FAE1F231888005D439F /* resource.bundle */ = {isa = PBXFileReference; lastKnownFileType = "wrapper.plug-in"; path = resource.bundle; sourceTree = "<group>"; };
		F7E56FB01F231CED005D439F /* SBMenuController.h */ = {isa = PBXFileReference; fileEncoding = 4; lastKnownFileType = sourcecode.c.h; path = SBMenuController.h; sourceTree = "<group>"; };
		F7E56FB11F231CED005D439F /* SBMenuController.m */ = {isa = PBXFileReference; fileEncoding = 4; lastKnownFileType = sourcecode.c.objc; path = SBMenuController.m; sourceTree = "<group>"; };
		F7E56FB31F231DBA005D439F /* SBNavigationController.h */ = {isa = PBXFileReference; fileEncoding = 4; lastKnownFileType = sourcecode.c.h; path = SBNavigationController.h; sourceTree = "<group>"; };
		F7E56FB41F231DBA005D439F /* SBNavigationController.m */ = {isa = PBXFileReference; fileEncoding = 4; lastKnownFileType = sourcecode.c.objc; path = SBNavigationController.m; sourceTree = "<group>"; };
		F7E56FB61F2321F6005D439F /* SBFileItem.h */ = {isa = PBXFileReference; fileEncoding = 4; lastKnownFileType = sourcecode.c.h; path = SBFileItem.h; sourceTree = "<group>"; };
		F7E56FB71F2321F6005D439F /* SBFileItem.m */ = {isa = PBXFileReference; fileEncoding = 4; lastKnownFileType = sourcecode.c.objc; path = SBFileItem.m; sourceTree = "<group>"; };
/* End PBXFileReference section */

/* Begin PBXFrameworksBuildPhase section */
		F7E56F7F1F2305FA005D439F /* Frameworks */ = {
			isa = PBXFrameworksBuildPhase;
			buildActionMask = 2147483647;
			files = (
				F7CC7CAE1F25D375005E822F /* libsqlite3.tbd in Frameworks */,
			);
			runOnlyForDeploymentPostprocessing = 0;
		};
/* End PBXFrameworksBuildPhase section */

/* Begin PBXGroup section */
		F7CC7CAC1F25D374005E822F /* Frameworks */ = {
			isa = PBXGroup;
			children = (
				F7CC7CAD1F25D375005E822F /* libsqlite3.tbd */,
			);
			name = Frameworks;
			sourceTree = "<group>";
		};
		F7E56F791F2305FA005D439F = {
			isa = PBXGroup;
			children = (
				F7E56F841F2305FA005D439F /* SBWatcher */,
				F7E56F831F2305FA005D439F /* Products */,
				F7CC7CAC1F25D374005E822F /* Frameworks */,
			);
			sourceTree = "<group>";
		};
		F7E56F831F2305FA005D439F /* Products */ = {
			isa = PBXGroup;
			children = (
				F7E56F821F2305FA005D439F /* SBWatcher.app */,
			);
			name = Products;
			sourceTree = "<group>";
		};
		F7E56F841F2305FA005D439F /* SBWatcher */ = {
			isa = PBXGroup;
			children = (
				F7E56F9D1F23068D005D439F /* Classes */,
				F7E56F9C1F230665005D439F /* SBWatcher */,
				F7E56FA41F2306A5005D439F /* resource */,
				F7E56F851F2305FA005D439F /* Supporting Files */,
			);
			path = SBWatcher;
			sourceTree = "<group>";
		};
		F7E56F851F2305FA005D439F /* Supporting Files */ = {
			isa = PBXGroup;
			children = (
				F7E56F861F2305FA005D439F /* main.m */,
			);
			name = "Supporting Files";
			sourceTree = "<group>";
		};
		F7E56F9C1F230665005D439F /* SBWatcher */ = {
			isa = PBXGroup;
			children = (
				F7E56FAD1F2309BE005D439F /* SBWatcherHeader.h */,
				F7E56FA51F23079E005D439F /* Core */,
				F7E56FA61F23079E005D439F /* UI */,
			);
			path = SBWatcher;
			sourceTree = "<group>";
		};
		F7E56F9D1F23068D005D439F /* Classes */ = {
			isa = PBXGroup;
			children = (
				F7E56F9E1F23068D005D439F /* AppDelegate.h */,
				F7E56F9F1F23068D005D439F /* AppDelegate.m */,
				F7E56FA01F23068D005D439F /* ViewController.h */,
				F7E56FA11F23068D005D439F /* ViewController.m */,
			);
			path = Classes;
			sourceTree = "<group>";
		};
		F7E56FA41F2306A5005D439F /* resource */ = {
			isa = PBXGroup;
			children = (
				F7E56F8E1F2305FA005D439F /* Main.storyboard */,
				F7E56F911F2305FA005D439F /* Assets.xcassets */,
				F7E56F931F2305FA005D439F /* LaunchScreen.storyboard */,
				F7E56F961F2305FA005D439F /* Info.plist */,
			);
			name = resource;
			sourceTree = "<group>";
		};
		F7E56FA51F23079E005D439F /* Core */ = {
			isa = PBXGroup;
			children = (
				F7E56FA71F2307F5005D439F /* SBWatcherManager.h */,
				F7E56FA81F2307F5005D439F /* SBWatcherManager.m */,
				F78733C71F23455900A3D802 /* SBSqliteManager.h */,
				F78733C81F23455900A3D802 /* SBSqliteManager.m */,
				F7CC7CB21F25D7C6005E822F /* SBClient.h */,
				F7CC7CB31F25D7C6005E822F /* SBClient.m */,
				F7CC7CAF1F25D6ED005E822F /* SBTableItem.h */,
				F7CC7CB01F25D6ED005E822F /* SBTableItem.m */,
				F71F8DCB1F2DD126000B5878 /* SBTableInfoItem.h */,
				F71F8DCC1F2DD126000B5878 /* SBTableInfoItem.m */,
			);
			path = Core;
			sourceTree = "<group>";
		};
		F7E56FA61F23079E005D439F /* UI */ = {
			isa = PBXGroup;
			children = (
				F7E56FAA1F2308A0005D439F /* SBStartView.h */,
				F7E56FAB1F2308A0005D439F /* SBStartView.m */,
				F7E56FB01F231CED005D439F /* SBMenuController.h */,
				F7E56FB11F231CED005D439F /* SBMenuController.m */,
				F7E56FB31F231DBA005D439F /* SBNavigationController.h */,
				F7E56FB41F231DBA005D439F /* SBNavigationController.m */,
				F7CC7CA91F25CFDB005E822F /* SBScanDBController.h */,
				F7CC7CAA1F25CFDB005E822F /* SBScanDBController.m */,
				F71F8DC81F2DCB39000B5878 /* SBScanTableController.h */,
				F71F8DC91F2DCB39000B5878 /* SBScanTableController.m */,
				F71F8DD31F2DDF66000B5878 /* SBScanDataController.h */,
				F71F8DD41F2DDF66000B5878 /* SBScanDataController.m */,
				F72EC63F1F2F2DC200B41D23 /* SBScanDataHeaderView.h */,
				F72EC6401F2F2DC200B41D23 /* SBScanDataHeaderView.m */,
				F72EC6421F2F7B9A00B41D23 /* SBScanDataCell.h */,
				F72EC6431F2F7B9A00B41D23 /* SBScanDataCell.m */,
				F7E56FB61F2321F6005D439F /* SBFileItem.h */,
				F7E56FB71F2321F6005D439F /* SBFileItem.m */,
				F7E56FAE1F231888005D439F /* resource.bundle */,
			);
			path = UI;
			sourceTree = "<group>";
		};
/* End PBXGroup section */

/* Begin PBXNativeTarget section */
		F7E56F811F2305FA005D439F /* SBWatcher */ = {
			isa = PBXNativeTarget;
			buildConfigurationList = F7E56F991F2305FA005D439F /* Build configuration list for PBXNativeTarget "SBWatcher" */;
			buildPhases = (
				F7E56F7E1F2305FA005D439F /* Sources */,
				F7E56F7F1F2305FA005D439F /* Frameworks */,
				F7E56F801F2305FA005D439F /* Resources */,
			);
			buildRules = (
			);
			dependencies = (
			);
			name = SBWatcher;
			productName = SBWatcher;
			productReference = F7E56F821F2305FA005D439F /* SBWatcher.app */;
			productType = "com.apple.product-type.application";
		};
/* End PBXNativeTarget section */

/* Begin PBXProject section */
		F7E56F7A1F2305FA005D439F /* Project object */ = {
			isa = PBXProject;
			attributes = {
				LastUpgradeCheck = 0830;
				ORGANIZATIONNAME = smallyou;
				TargetAttributes = {
					F7E56F811F2305FA005D439F = {
						CreatedOnToolsVersion = 8.3.3;
						DevelopmentTeam = 4683DBG5A6;
						ProvisioningStyle = Automatic;
					};
				};
			};
			buildConfigurationList = F7E56F7D1F2305FA005D439F /* Build configuration list for PBXProject "SBWatcher" */;
			compatibilityVersion = "Xcode 3.2";
			developmentRegion = English;
			hasScannedForEncodings = 0;
			knownRegions = (
				en,
				Base,
			);
			mainGroup = F7E56F791F2305FA005D439F;
			productRefGroup = F7E56F831F2305FA005D439F /* Products */;
			projectDirPath = "";
			projectRoot = "";
			targets = (
				F7E56F811F2305FA005D439F /* SBWatcher */,
			);
		};
/* End PBXProject section */

/* Begin PBXResourcesBuildPhase section */
		F7E56F801F2305FA005D439F /* Resources */ = {
			isa = PBXResourcesBuildPhase;
			buildActionMask = 2147483647;
			files = (
				F7E56F951F2305FA005D439F /* LaunchScreen.storyboard in Resources */,
				F7E56F921F2305FA005D439F /* Assets.xcassets in Resources */,
				F7E56F901F2305FA005D439F /* Main.storyboard in Resources */,
				F7E56FAF1F231888005D439F /* resource.bundle in Resources */,
			);
			runOnlyForDeploymentPostprocessing = 0;
		};
/* End PBXResourcesBuildPhase section */

/* Begin PBXSourcesBuildPhase section */
		F7E56F7E1F2305FA005D439F /* Sources */ = {
			isa = PBXSourcesBuildPhase;
			buildActionMask = 2147483647;
			files = (
				F78733C91F23455900A3D802 /* SBSqliteManager.m in Sources */,
				F7E56FAC1F2308A1005D439F /* SBStartView.m in Sources */,
				F7E56FA21F23068D005D439F /* AppDelegate.m in Sources */,
				F7E56F871F2305FA005D439F /* main.m in Sources */,
				F7E56FB81F2321F6005D439F /* SBFileItem.m in Sources */,
				F7CC7CB41F25D7C6005E822F /* SBClient.m in Sources */,
				F71F8DCA1F2DCB39000B5878 /* SBScanTableController.m in Sources */,
				F7CC7CAB1F25CFDB005E822F /* SBScanDBController.m in Sources */,
				F7E56FB21F231CED005D439F /* SBMenuController.m in Sources */,
				F72EC6411F2F2DC200B41D23 /* SBScanDataHeaderView.m in Sources */,
				F72EC6441F2F7B9A00B41D23 /* SBScanDataCell.m in Sources */,
				F7E56FB51F231DBA005D439F /* SBNavigationController.m in Sources */,
				F71F8DCD1F2DD126000B5878 /* SBTableInfoItem.m in Sources */,
				F7CC7CB11F25D6ED005E822F /* SBTableItem.m in Sources */,
				F7E56FA31F23068D005D439F /* ViewController.m in Sources */,
				F71F8DD51F2DDF66000B5878 /* SBScanDataController.m in Sources */,
				F7E56FA91F2307F5005D439F /* SBWatcherManager.m in Sources */,
			);
			runOnlyForDeploymentPostprocessing = 0;
		};
/* End PBXSourcesBuildPhase section */

/* Begin PBXVariantGroup section */
		F7E56F8E1F2305FA005D439F /* Main.storyboard */ = {
			isa = PBXVariantGroup;
			children = (
				F7E56F8F1F2305FA005D439F /* Base */,
			);
			name = Main.storyboard;
			sourceTree = "<group>";
		};
		F7E56F931F2305FA005D439F /* LaunchScreen.storyboard */ = {
			isa = PBXVariantGroup;
			children = (
				F7E56F941F2305FA005D439F /* Base */,
			);
			name = LaunchScreen.storyboard;
			sourceTree = "<group>";
		};
/* End PBXVariantGroup section */

/* Begin XCBuildConfiguration section */
		F7E56F971F2305FA005D439F /* Debug */ = {
			isa = XCBuildConfiguration;
			buildSettings = {
				ALWAYS_SEARCH_USER_PATHS = NO;
				CLANG_ANALYZER_NONNULL = YES;
				CLANG_ANALYZER_NUMBER_OBJECT_CONVERSION = YES_AGGRESSIVE;
				CLANG_CXX_LANGUAGE_STANDARD = "gnu++0x";
				CLANG_CXX_LIBRARY = "libc++";
				CLANG_ENABLE_MODULES = YES;
				CLANG_ENABLE_OBJC_ARC = YES;
				CLANG_WARN_BOOL_CONVERSION = YES;
				CLANG_WARN_CONSTANT_CONVERSION = YES;
				CLANG_WARN_DIRECT_OBJC_ISA_USAGE = YES_ERROR;
				CLANG_WARN_DOCUMENTATION_COMMENTS = YES;
				CLANG_WARN_EMPTY_BODY = YES;
				CLANG_WARN_ENUM_CONVERSION = YES;
				CLANG_WARN_INFINITE_RECURSION = YES;
				CLANG_WARN_INT_CONVERSION = YES;
				CLANG_WARN_OBJC_ROOT_CLASS = YES_ERROR;
				CLANG_WARN_SUSPICIOUS_MOVE = YES;
				CLANG_WARN_UNREACHABLE_CODE = YES;
				CLANG_WARN__DUPLICATE_METHOD_MATCH = YES;
				"CODE_SIGN_IDENTITY[sdk=iphoneos*]" = "iPhone Developer";
				COPY_PHASE_STRIP = NO;
				DEBUG_INFORMATION_FORMAT = dwarf;
				ENABLE_STRICT_OBJC_MSGSEND = YES;
				ENABLE_TESTABILITY = YES;
				GCC_C_LANGUAGE_STANDARD = gnu99;
				GCC_DYNAMIC_NO_PIC = NO;
				GCC_NO_COMMON_BLOCKS = YES;
				GCC_OPTIMIZATION_LEVEL = 0;
				GCC_PREPROCESSOR_DEFINITIONS = (
					"DEBUG=1",
					"$(inherited)",
				);
				GCC_WARN_64_TO_32_BIT_CONVERSION = YES;
				GCC_WARN_ABOUT_RETURN_TYPE = YES_ERROR;
				GCC_WARN_UNDECLARED_SELECTOR = YES;
				GCC_WARN_UNINITIALIZED_AUTOS = YES_AGGRESSIVE;
				GCC_WARN_UNUSED_FUNCTION = YES;
				GCC_WARN_UNUSED_VARIABLE = YES;
				IPHONEOS_DEPLOYMENT_TARGET = 10.3;
				MTL_ENABLE_DEBUG_INFO = YES;
				ONLY_ACTIVE_ARCH = YES;
				SDKROOT = iphoneos;
			};
			name = Debug;
		};
		F7E56F981F2305FA005D439F /* Release */ = {
			isa = XCBuildConfiguration;
			buildSettings = {
				ALWAYS_SEARCH_USER_PATHS = NO;
				CLANG_ANALYZER_NONNULL = YES;
				CLANG_ANALYZER_NUMBER_OBJECT_CONVERSION = YES_AGGRESSIVE;
				CLANG_CXX_LANGUAGE_STANDARD = "gnu++0x";
				CLANG_CXX_LIBRARY = "libc++";
				CLANG_ENABLE_MODULES = YES;
				CLANG_ENABLE_OBJC_ARC = YES;
				CLANG_WARN_BOOL_CONVERSION = YES;
				CLANG_WARN_CONSTANT_CONVERSION = YES;
				CLANG_WARN_DIRECT_OBJC_ISA_USAGE = YES_ERROR;
				CLANG_WARN_DOCUMENTATION_COMMENTS = YES;
				CLANG_WARN_EMPTY_BODY = YES;
				CLANG_WARN_ENUM_CONVERSION = YES;
				CLANG_WARN_INFINITE_RECURSION = YES;
				CLANG_WARN_INT_CONVERSION = YES;
				CLANG_WARN_OBJC_ROOT_CLASS = YES_ERROR;
				CLANG_WARN_SUSPICIOUS_MOVE = YES;
				CLANG_WARN_UNREACHABLE_CODE = YES;
				CLANG_WARN__DUPLICATE_METHOD_MATCH = YES;
				"CODE_SIGN_IDENTITY[sdk=iphoneos*]" = "iPhone Developer";
				COPY_PHASE_STRIP = NO;
				DEBUG_INFORMATION_FORMAT = "dwarf-with-dsym";
				ENABLE_NS_ASSERTIONS = NO;
				ENABLE_STRICT_OBJC_MSGSEND = YES;
				GCC_C_LANGUAGE_STANDARD = gnu99;
				GCC_NO_COMMON_BLOCKS = YES;
				GCC_WARN_64_TO_32_BIT_CONVERSION = YES;
				GCC_WARN_ABOUT_RETURN_TYPE = YES_ERROR;
				GCC_WARN_UNDECLARED_SELECTOR = YES;
				GCC_WARN_UNINITIALIZED_AUTOS = YES_AGGRESSIVE;
				GCC_WARN_UNUSED_FUNCTION = YES;
				GCC_WARN_UNUSED_VARIABLE = YES;
				IPHONEOS_DEPLOYMENT_TARGET = 10.3;
				MTL_ENABLE_DEBUG_INFO = NO;
				SDKROOT = iphoneos;
				VALIDATE_PRODUCT = YES;
			};
			name = Release;
		};
		F7E56F9A1F2305FA005D439F /* Debug */ = {
			isa = XCBuildConfiguration;
			buildSettings = {
				ASSETCATALOG_COMPILER_APPICON_NAME = AppIcon;
				DEVELOPMENT_TEAM = 4683DBG5A6;
				INFOPLIST_FILE = SBWatcher/Info.plist;
				IPHONEOS_DEPLOYMENT_TARGET = 8.0;
				LD_RUNPATH_SEARCH_PATHS = "$(inherited) @executable_path/Frameworks";
				PRODUCT_BUNDLE_IDENTIFIER = tech.chmn.sbwatcher.SBWatcher;
				PRODUCT_NAME = "$(TARGET_NAME)";
			};
			name = Debug;
		};
		F7E56F9B1F2305FA005D439F /* Release */ = {
			isa = XCBuildConfiguration;
			buildSettings = {
				ASSETCATALOG_COMPILER_APPICON_NAME = AppIcon;
				DEVELOPMENT_TEAM = 4683DBG5A6;
				INFOPLIST_FILE = SBWatcher/Info.plist;
				IPHONEOS_DEPLOYMENT_TARGET = 8.0;
				LD_RUNPATH_SEARCH_PATHS = "$(inherited) @executable_path/Frameworks";
				PRODUCT_BUNDLE_IDENTIFIER = tech.chmn.sbwatcher.SBWatcher;
				PRODUCT_NAME = "$(TARGET_NAME)";
			};
			name = Release;
		};
/* End XCBuildConfiguration section */

/* Begin XCConfigurationList section */
		F7E56F7D1F2305FA005D439F /* Build configuration list for PBXProject "SBWatcher" */ = {
			isa = XCConfigurationList;
			buildConfigurations = (
				F7E56F971F2305FA005D439F /* Debug */,
				F7E56F981F2305FA005D439F /* Release */,
			);
			defaultConfigurationIsVisible = 0;
			defaultConfigurationName = Release;
		};
		F7E56F991F2305FA005D439F /* Build configuration list for PBXNativeTarget "SBWatcher" */ = {
			isa = XCConfigurationList;
			buildConfigurations = (
				F7E56F9A1F2305FA005D439F /* Debug */,
				F7E56F9B1F2305FA005D439F /* Release */,
			);
			defaultConfigurationIsVisible = 0;
			defaultConfigurationName = Release;
		};
/* End XCConfigurationList section */
	};
	rootObject = F7E56F7A1F2305FA005D439F /* Project object */;
}
